
Microsoft Visual Studio Solution File, Format Version 11.00
# Visual Studio 2010
Project("{FAE04EC0-301F-11D3-BF4B-00C04F79EFBC}") = "Depth_first", "Depth_first\Depth_first.csproj", "{10217CAE-059B-428E-B2BB-23CB8D283381}"
EndProject
Global
	GlobalSection(SolutionConfigurationPlatforms) = preSolution
		Debug|x86 = Debug|x86
		Release|x86 = Release|x86
	EndGlobalSection
	GlobalSection(ProjectConfigurationPlatforms) = postSolution
		{10217CAE-059B-428E-B2BB-23CB8D283381}.Debug|x86.ActiveCfg = Debug|x86
		{10217CAE-059B-428E-B2BB-23CB8D283381}.Debug|x86.Build.0 = Debug|x86
		{10217CAE-059B-428E-B2BB-23CB8D283381}.Release|x86.ActiveCfg = Release|x86
		{10217CAE-059B-428E-B2BB-23CB8D283381}.Release|x86.Build.0 = Release|x86
	EndGlobalSection
	GlobalSection(SolutionProperties) = preSolution
		HideSolutionNode = FALSE
	EndGlobalSection
EndGlobal
